{
  "name": "@gfrednand/dynamic-form",
  "version": "0.0.10",
  "lockfileVersion": 2,
  "requires": true,
  "packages": {
    "": {
      "name": "@gfrednand/dynamic-form",
      "version": "0.0.10",
      "license": "ISC",
      "devDependencies": {
        "@angular/cdk": "^11.2.0",
        "@angular/forms": "^11.2.0",
        "@angular/material": "^11.2.0"
      },
      "peerDependencies": {
        "@angular/cdk": "^11.2.0",
        "@angular/common": "^11.0.9",
        "@angular/core": "^11.0.9",
        "@angular/forms": "~11.0.5",
        "@angular/material": "^11.2.0",
        "rxjs": "~6.6.0"
      }
    },
    "node_modules/@angular/animations": {
      "version": "11.2.1",
      "resolved": "https://registry.npmjs.org/@angular/animations/-/animations-11.2.1.tgz",
      "integrity": "sha512-U2gtMaiVfTNMn0FPpSDTgOgtYc45QUnQcc2Po40rCmgH7BGyJAOgmaXY9uv319Jjl+vNrX+bbXaZix73Zpjfyg==",
      "dev": true,
      "peer": true,
      "dependencies": {
        "tslib": "^2.0.0"
      },
      "peerDependencies": {
        "@angular/core": "11.2.1"
      }
    },
    "node_modules/@angular/cdk": {
      "version": "11.2.1",
      "resolved": "https://registry.npmjs.org/@angular/cdk/-/cdk-11.2.1.tgz",
      "integrity": "sha512-d+ERvvWqGykBm5ooWG8TmMjL6q6aOpUd13ha1sx960EfKJqNyideYUfPMp6xprTyxmUIUZ/G9AQ/pxnzrLGnsA==",
      "dev": true,
      "dependencies": {
        "tslib": "^2.0.0"
      },
      "optionalDependencies": {
        "parse5": "^5.0.0"
      },
      "peerDependencies": {
        "@angular/common": "^11.0.0 || ^12.0.0-0",
        "@angular/core": "^11.0.0 || ^12.0.0-0"
      }
    },
    "node_modules/@angular/common": {
      "version": "11.2.1",
      "resolved": "https://registry.npmjs.org/@angular/common/-/common-11.2.1.tgz",
      "integrity": "sha512-6FuZvJkYq8ZD4Bi6n7zaok1BMe5ve3EZDXLM7cDl2Hktpc+z0/mIZtVYMR0zvf7VX48E4zUU039779ixy0zDMw==",
      "peer": true,
      "dependencies": {
        "tslib": "^2.0.0"
      },
      "peerDependencies": {
        "@angular/core": "11.2.1",
        "rxjs": "^6.5.3"
      }
    },
    "node_modules/@angular/core": {
      "version": "11.2.1",
      "resolved": "https://registry.npmjs.org/@angular/core/-/core-11.2.1.tgz",
      "integrity": "sha512-FfMMG9yWW1xfZmHp8NtXJlNbLrgZ5Fm7FguRfTAuH007gDoknm+V3INKGyQfYOsIlxuJCSzyEeM3270lmbzYaQ==",
      "peer": true,
      "dependencies": {
        "tslib": "^2.0.0"
      },
      "peerDependencies": {
        "rxjs": "^6.5.3",
        "zone.js": "^0.10.2 || ^0.11.3"
      }
    },
    "node_modules/@angular/forms": {
      "version": "11.2.1",
      "resolved": "https://registry.npmjs.org/@angular/forms/-/forms-11.2.1.tgz",
      "integrity": "sha512-/Xy1DQCZkCs1qWudmxooscPmVDkOEsgy9YJIoAYzsrRNINOpggBxBYRO9dztRmp2yDvRSAFTylmfQyTOrWrK7Q==",
      "dev": true,
      "dependencies": {
        "tslib": "^2.0.0"
      },
      "peerDependencies": {
        "@angular/common": "11.2.1",
        "@angular/core": "11.2.1",
        "@angular/platform-browser": "11.2.1",
        "rxjs": "^6.5.3"
      }
    },
    "node_modules/@angular/material": {
      "version": "11.2.1",
      "resolved": "https://registry.npmjs.org/@angular/material/-/material-11.2.1.tgz",
      "integrity": "sha512-unHC8W+GcZSNRNSZ4l3ABdbezf6PIUtShx5MMG6HXgieqlkEgkU0W0BAeGvO/61vl6yEebizMYD/+5yqM9lUlw==",
      "dev": true,
      "dependencies": {
        "tslib": "^2.0.0"
      },
      "peerDependencies": {
        "@angular/animations": "^11.0.0 || ^12.0.0-0",
        "@angular/cdk": "11.2.1",
        "@angular/common": "^11.0.0 || ^12.0.0-0",
        "@angular/core": "^11.0.0 || ^12.0.0-0",
        "@angular/forms": "^11.0.0 || ^12.0.0-0"
      }
    },
    "node_modules/@angular/platform-browser": {
      "version": "11.2.1",
      "resolved": "https://registry.npmjs.org/@angular/platform-browser/-/platform-browser-11.2.1.tgz",
      "integrity": "sha512-wu1B6AY0Om1Pj3U7woLGNbuAgajKEg+B6IKIaCwXv03lID53hpMagyBiNJLLEL6PIRO33G3rPbRKW9gGEr52vg==",
      "dev": true,
      "peer": true,
      "dependencies": {
        "tslib": "^2.0.0"
      },
      "peerDependencies": {
        "@angular/animations": "11.2.1",
        "@angular/common": "11.2.1",
        "@angular/core": "11.2.1"
      },
      "peerDependenciesMeta": {
        "@angular/animations": {
          "optional": true
        }
      }
    },
    "node_modules/parse5": {
      "version": "5.1.1",
      "resolved": "https://registry.npmjs.org/parse5/-/parse5-5.1.1.tgz",
      "integrity": "sha512-ugq4DFI0Ptb+WWjAdOK16+u/nHfiIrcE+sh8kZMaM0WllQKLI9rOUq6c2b7cwPkXdzfQESqvoqK6ug7U/Yyzug==",
      "dev": true,
      "optional": true
    },
    "node_modules/rxjs": {
      "version": "6.6.3",
      "resolved": "https://registry.npmjs.org/rxjs/-/rxjs-6.6.3.tgz",
      "integrity": "sha512-trsQc+xYYXZ3urjOiJOuCOa5N3jAZ3eiSpQB5hIT8zGlL2QfnHLJ2r7GMkBGuIausdJN1OneaI6gQlsqNHHmZQ==",
      "peer": true,
      "dependencies": {
        "tslib": "^1.9.0"
      },
      "engines": {
        "npm": ">=2.0.0"
      }
    },
    "node_modules/rxjs/node_modules/tslib": {
      "version": "1.14.1",
      "resolved": "https://registry.npmjs.org/tslib/-/tslib-1.14.1.tgz",
      "integrity": "sha512-Xni35NKzjgMrwevysHTCArtLDpPvye8zV/0E4EyYn43P7/7qvQwPh9BGkHewbMulVntbigmcT7rdX3BNo9wRJg==",
      "peer": true
    },
    "node_modules/tslib": {
      "version": "2.1.0",
      "resolved": "https://registry.npmjs.org/tslib/-/tslib-2.1.0.tgz",
      "integrity": "sha512-hcVC3wYEziELGGmEEXue7D75zbwIIVUMWAVbHItGPx0ziyXxrOMQx4rQEVEV45Ut/1IotuEvwqPopzIOkDMf0A=="
    },
    "node_modules/zone.js": {
      "version": "0.11.4",
      "resolved": "https://registry.npmjs.org/zone.js/-/zone.js-0.11.4.tgz",
      "integrity": "sha512-DDh2Ab+A/B+9mJyajPjHFPWfYU1H+pdun4wnnk0OcQTNjem1XQSZ2CDW+rfZEUDjv5M19SBqAkjZi0x5wuB5Qw==",
      "peer": true,
      "dependencies": {
        "tslib": "^2.0.0"
      }
    }
  },
  "dependencies": {
    "@angular/animations": {
      "version": "11.2.1",
      "resolved": "https://registry.npmjs.org/@angular/animations/-/animations-11.2.1.tgz",
      "integrity": "sha512-U2gtMaiVfTNMn0FPpSDTgOgtYc45QUnQcc2Po40rCmgH7BGyJAOgmaXY9uv319Jjl+vNrX+bbXaZix73Zpjfyg==",
      "dev": true,
      "peer": true,
      "requires": {
        "tslib": "^2.0.0"
      }
    },
    "@angular/cdk": {
      "version": "11.2.1",
      "resolved": "https://registry.npmjs.org/@angular/cdk/-/cdk-11.2.1.tgz",
      "integrity": "sha512-d+ERvvWqGykBm5ooWG8TmMjL6q6aOpUd13ha1sx960EfKJqNyideYUfPMp6xprTyxmUIUZ/G9AQ/pxnzrLGnsA==",
      "dev": true,
      "requires": {
        "parse5": "^5.0.0",
        "tslib": "^2.0.0"
      }
    },
    "@angular/common": {
      "version": "11.2.1",
      "resolved": "https://registry.npmjs.org/@angular/common/-/common-11.2.1.tgz",
      "integrity": "sha512-6FuZvJkYq8ZD4Bi6n7zaok1BMe5ve3EZDXLM7cDl2Hktpc+z0/mIZtVYMR0zvf7VX48E4zUU039779ixy0zDMw==",
      "peer": true,
      "requires": {
        "tslib": "^2.0.0"
      }
    },
    "@angular/core": {
      "version": "11.2.1",
      "resolved": "https://registry.npmjs.org/@angular/core/-/core-11.2.1.tgz",
      "integrity": "sha512-FfMMG9yWW1xfZmHp8NtXJlNbLrgZ5Fm7FguRfTAuH007gDoknm+V3INKGyQfYOsIlxuJCSzyEeM3270lmbzYaQ==",
      "peer": true,
      "requires": {
        "tslib": "^2.0.0"
      }
    },
    "@angular/forms": {
      "version": "11.2.1",
      "resolved": "https://registry.npmjs.org/@angular/forms/-/forms-11.2.1.tgz",
      "integrity": "sha512-/Xy1DQCZkCs1qWudmxooscPmVDkOEsgy9YJIoAYzsrRNINOpggBxBYRO9dztRmp2yDvRSAFTylmfQyTOrWrK7Q==",
      "dev": true,
      "requires": {
        "tslib": "^2.0.0"
      }
    },
    "@angular/material": {
      "version": "11.2.1",
      "resolved": "https://registry.npmjs.org/@angular/material/-/material-11.2.1.tgz",
      "integrity": "sha512-unHC8W+GcZSNRNSZ4l3ABdbezf6PIUtShx5MMG6HXgieqlkEgkU0W0BAeGvO/61vl6yEebizMYD/+5yqM9lUlw==",
      "dev": true,
      "requires": {
        "tslib": "^2.0.0"
      }
    },
    "@angular/platform-browser": {
      "version": "11.2.1",
      "resolved": "https://registry.npmjs.org/@angular/platform-browser/-/platform-browser-11.2.1.tgz",
      "integrity": "sha512-wu1B6AY0Om1Pj3U7woLGNbuAgajKEg+B6IKIaCwXv03lID53hpMagyBiNJLLEL6PIRO33G3rPbRKW9gGEr52vg==",
      "dev": true,
      "peer": true,
      "requires": {
        "tslib": "^2.0.0"
      }
    },
    "parse5": {
      "version": "5.1.1",
      "resolved": "https://registry.npmjs.org/parse5/-/parse5-5.1.1.tgz",
      "integrity": "sha512-ugq4DFI0Ptb+WWjAdOK16+u/nHfiIrcE+sh8kZMaM0WllQKLI9rOUq6c2b7cwPkXdzfQESqvoqK6ug7U/Yyzug==",
      "dev": true,
      "optional": true
    },
    "rxjs": {
      "version": "6.6.3",
      "resolved": "https://registry.npmjs.org/rxjs/-/rxjs-6.6.3.tgz",
      "integrity": "sha512-trsQc+xYYXZ3urjOiJOuCOa5N3jAZ3eiSpQB5hIT8zGlL2QfnHLJ2r7GMkBGuIausdJN1OneaI6gQlsqNHHmZQ==",
      "peer": true,
      "requires": {
        "tslib": "^1.9.0"
      },
      "dependencies": {
        "tslib": {
          "version": "1.14.1",
          "resolved": "https://registry.npmjs.org/tslib/-/tslib-1.14.1.tgz",
          "integrity": "sha512-Xni35NKzjgMrwevysHTCArtLDpPvye8zV/0E4EyYn43P7/7qvQwPh9BGkHewbMulVntbigmcT7rdX3BNo9wRJg==",
          "peer": true
        }
      }
    },
    "tslib": {
      "version": "2.1.0",
      "resolved": "https://registry.npmjs.org/tslib/-/tslib-2.1.0.tgz",
      "integrity": "sha512-hcVC3wYEziELGGmEEXue7D75zbwIIVUMWAVbHItGPx0ziyXxrOMQx4rQEVEV45Ut/1IotuEvwqPopzIOkDMf0A=="
    },
    "zone.js": {
      "version": "0.11.4",
      "resolved": "https://registry.npmjs.org/zone.js/-/zone.js-0.11.4.tgz",
      "integrity": "sha512-DDh2Ab+A/B+9mJyajPjHFPWfYU1H+pdun4wnnk0OcQTNjem1XQSZ2CDW+rfZEUDjv5M19SBqAkjZi0x5wuB5Qw==",
      "peer": true,
      "requires": {
        "tslib": "^2.0.0"
      }
    }
  }
}
